
Microsoft Visual Studio Solution File, Format Version 12.00
# Visual Studio Version 17
VisualStudioVersion = 17.10.35122.118
MinimumVisualStudioVersion = 10.0.40219.1
Project("{FAE04EC0-301F-11D3-BF4B-00C04F79EFBC}") = "ALHAMD", "ALHAMD\ALHAMD.csproj", "{B24D9FD6-86F7-49CF-9F1C-5C9228AAE895}"
EndProject
Global
	GlobalSection(SolutionConfigurationPlatforms) = preSolution
		Debug|Any CPU = Debug|Any CPU
		Release|Any CPU = Release|Any CPU
	EndGlobalSection
	GlobalSection(ProjectConfigurationPlatforms) = postSolution
		{B24D9FD6-86F7-49CF-9F1C-5C9228AAE895}.Debug|Any CPU.ActiveCfg = Debug|Any CPU
		{B24D9FD6-86F7-49CF-9F1C-5C9228AAE895}.Debug|Any CPU.Build.0 = Debug|Any CPU
		{B24D9FD6-86F7-49CF-9F1C-5C9228AAE895}.Release|Any CPU.ActiveCfg = Release|Any CPU
		{B24D9FD6-86F7-49CF-9F1C-5C9228AAE895}.Release|Any CPU.Build.0 = Release|Any CPU
	EndGlobalSection
	GlobalSection(SolutionProperties) = preSolution
		HideSolutionNode = FALSE
	EndGlobalSection
	GlobalSection(ExtensibilityGlobals) = postSolution
		SolutionGuid = {AFC9485E-2B21-4446-96B7-7238C6839DFC}
	EndGlobalSection
EndGlobal
